Microsoft Visual Studio Solution File, Format Version 12.00
# Visual Studio Version 17
VisualStudioVersion = 17.1.32210.238
MinimumVisualStudioVersion = 10.0.40219.1
Project("{2150E333-8FDC-42A3-9474-1A3956D46DE8}") = "Basket", "Basket", "{E3A29E2D-4EAF-4981-990E-731D1E3578F5}"
EndProject
Project("{9A19103F-16F7-4668-BE54-9A1E7A4F7556}") = "Basket.Host", "Basket\Basket.Host\Basket.Host.csproj", "{66EEAED5-1742-4671-8797-9CDEB8C5F6FB}"
EndProject
Project("{9A19103F-16F7-4668-BE54-9A1E7A4F7556}") = "Basket.UnitTests", "Basket\Basket.UnitTests\Basket.UnitTests.csproj", "{B997F664-002C-4CB7-8588-3427D7DF12BF}"
EndProject
Project("{2150E333-8FDC-42A3-9474-1A3956D46DE8}") = "Infrastructure", "Infrastructure\Infrastructure", "{A6C7B2CD-2199-497C-9EF5-32274390D2D7}"
EndProject
Project("{9A19103F-16F7-4668-BE54-9A1E7A4F7556}") = "Infrastructure", "Infrastructure\Infrastructure\Infrastructure\Infrastructure.csproj", "{99E9BED6-7C74-4B3F-B841-451EC61F1318}"
EndProject
Project("{9A19103F-16F7-4668-BE54-9A1E7A4F7556}") = "Infrastructure.UnitTests", "Infrastructure\Infrastructure\Infrastructure.UnitTests\Infrastructure.UnitTests.csproj", "{456C68DA-7E0A-481E-B500-8A65E8C557F1}"
EndProject
Global
	GlobalSection(SolutionConfigurationPlatforms) = preSolution
		Debug|Any CPU = Debug|Any CPU
		Release|Any CPU = Release|Any CPU
	EndGlobalSection
	GlobalSection(ProjectConfigurationPlatforms) = postSolution
		{66EEAED5-1742-4671-8797-9CDEB8C5F6FB}.Debug|Any CPU.ActiveCfg = Debug|Any CPU
		{66EEAED5-1742-4671-8797-9CDEB8C5F6FB}.Debug|Any CPU.Build.0 = Debug|Any CPU
		{66EEAED5-1742-4671-8797-9CDEB8C5F6FB}.Release|Any CPU.ActiveCfg = Release|Any CPU
		{66EEAED5-1742-4671-8797-9CDEB8C5F6FB}.Release|Any CPU.Build.0 = Release|Any CPU
		{B997F664-002C-4CB7-8588-3427D7DF12BF}.Debug|Any CPU.ActiveCfg = Debug|Any CPU
		{B997F664-002C-4CB7-8588-3427D7DF12BF}.Debug|Any CPU.Build.0 = Debug|Any CPU
		{B997F664-002C-4CB7-8588-3427D7DF12BF}.Release|Any CPU.ActiveCfg = Release|Any CPU
		{B997F664-002C-4CB7-8588-3427D7DF12BF}.Release|Any CPU.Build.0 = Release|Any CPU
		{99E9BED6-7C74-4B3F-B841-451EC61F1318}.Debug|Any CPU.ActiveCfg = Debug|Any CPU
		{99E9BED6-7C74-4B3F-B841-451EC61F1318}.Debug|Any CPU.Build.0 = Debug|Any CPU
		{99E9BED6-7C74-4B3F-B841-451EC61F1318}.Release|Any CPU.ActiveCfg = Release|Any CPU
		{99E9BED6-7C74-4B3F-B841-451EC61F1318}.Release|Any CPU.Build.0 = Release|Any CPU
		{456C68DA-7E0A-481E-B500-8A65E8C557F1}.Debug|Any CPU.ActiveCfg = Debug|Any CPU
		{456C68DA-7E0A-481E-B500-8A65E8C557F1}.Debug|Any CPU.Build.0 = Debug|Any CPU
		{456C68DA-7E0A-481E-B500-8A65E8C557F1}.Release|Any CPU.ActiveCfg = Release|Any CPU
		{456C68DA-7E0A-481E-B500-8A65E8C557F1}.Release|Any CPU.Build.0 = Release|Any CPU
	EndGlobalSection
	GlobalSection(SolutionProperties) = preSolution
		HideSolutionNode = FALSE
	EndGlobalSection
	GlobalSection(NestedProjects) = preSolution
		{66EEAED5-1742-4671-8797-9CDEB8C5F6FB} = {E3A29E2D-4EAF-4981-990E-731D1E3578F5}
		{B997F664-002C-4CB7-8588-3427D7DF12BF} = {E3A29E2D-4EAF-4981-990E-731D1E3578F5}
		{99E9BED6-7C74-4B3F-B841-451EC61F1318} = {A6C7B2CD-2199-497C-9EF5-32274390D2D7}
		{456C68DA-7E0A-481E-B500-8A65E8C557F1} = {A6C7B2CD-2199-497C-9EF5-32274390D2D7}
	EndGlobalSection
	GlobalSection(ExtensibilityGlobals) = postSolution
		SolutionGuid = {2DAC113F-C3BA-42AB-A512-EB1F1FE2D853}
	EndGlobalSection
EndGlobal
